
Microsoft Visual Studio Solution File, Format Version 12.00
# Visual Studio Version 17
VisualStudioVersion = 17.11.35327.3
MinimumVisualStudioVersion = 10.0.40219.1
Project("{FAE04EC0-301F-11D3-BF4B-00C04F79EFBC}") = "EmailUploader.UI", "EmailUploader.UI\EmailUploader.UI.csproj", "{2C9B9048-FA79-44DC-A33F-9203500CD9EB}"
EndProject
Project("{FAE04EC0-301F-11D3-BF4B-00C04F79EFBC}") = "EmailUploader.API", "EmailUploader.API\EmailUploader.API.csproj", "{3E198935-BA80-45FE-B969-F7F9B5F98460}"
EndProject
Global
	GlobalSection(SolutionConfigurationPlatforms) = preSolution
		Debug|Any CPU = Debug|Any CPU
		Release|Any CPU = Release|Any CPU
	EndGlobalSection
	GlobalSection(ProjectConfigurationPlatforms) = postSolution
		{2C9B9048-FA79-44DC-A33F-9203500CD9EB}.Debug|Any CPU.ActiveCfg = Debug|Any CPU
		{2C9B9048-FA79-44DC-A33F-9203500CD9EB}.Debug|Any CPU.Build.0 = Debug|Any CPU
		{2C9B9048-FA79-44DC-A33F-9203500CD9EB}.Release|Any CPU.ActiveCfg = Release|Any CPU
		{2C9B9048-FA79-44DC-A33F-9203500CD9EB}.Release|Any CPU.Build.0 = Release|Any CPU
		{3E198935-BA80-45FE-B969-F7F9B5F98460}.Debug|Any CPU.ActiveCfg = Debug|Any CPU
		{3E198935-BA80-45FE-B969-F7F9B5F98460}.Debug|Any CPU.Build.0 = Debug|Any CPU
		{3E198935-BA80-45FE-B969-F7F9B5F98460}.Release|Any CPU.ActiveCfg = Release|Any CPU
		{3E198935-BA80-45FE-B969-F7F9B5F98460}.Release|Any CPU.Build.0 = Release|Any CPU
	EndGlobalSection
	GlobalSection(SolutionProperties) = preSolution
		HideSolutionNode = FALSE
	EndGlobalSection
	GlobalSection(ExtensibilityGlobals) = postSolution
		SolutionGuid = {B610D02E-DB12-42A3-A63F-83BCE20EE857}
	EndGlobalSection
EndGlobal
